
Microsoft Visual Studio Solution File, Format Version 12.00
# Visual Studio Version 16
VisualStudioVersion = 25.0.1706.4
MinimumVisualStudioVersion = 10.0.40219.1
Project("{FAE04EC0-301F-11D3-BF4B-00C04F79EFBC}") = "LAB4", "LAB4\LAB4.csproj", "{4864CCB8-BC5C-4868-9721-88BC952CEE58}"
EndProject
Global
	GlobalSection(SolutionConfigurationPlatforms) = preSolution
		Debug|Any CPU = Debug|Any CPU
		Release|Any CPU = Release|Any CPU
	EndGlobalSection
	GlobalSection(ProjectConfigurationPlatforms) = postSolution
		{4864CCB8-BC5C-4868-9721-88BC952CEE58}.Debug|Any CPU.ActiveCfg = Debug|Any CPU
		{4864CCB8-BC5C-4868-9721-88BC952CEE58}.Debug|Any CPU.Build.0 = Debug|Any CPU
		{4864CCB8-BC5C-4868-9721-88BC952CEE58}.Release|Any CPU.ActiveCfg = Release|Any CPU
		{4864CCB8-BC5C-4868-9721-88BC952CEE58}.Release|Any CPU.Build.0 = Release|Any CPU
	EndGlobalSection
	GlobalSection(SolutionProperties) = preSolution
		HideSolutionNode = FALSE
	EndGlobalSection
	GlobalSection(ExtensibilityGlobals) = postSolution
		SolutionGuid = {E2B6F9DB-878A-4FEC-B36E-12F6A7FFAF13}
	EndGlobalSection
EndGlobal
