
Microsoft Visual Studio Solution File, Format Version 12.00
# Visual Studio Version 16
VisualStudioVersion = 25.0.1706.4
MinimumVisualStudioVersion = 10.0.40219.1
Project("{FAE04EC0-301F-11D3-BF4B-00C04F79EFBC}") = "LAB2", "LAB2\LAB2.csproj", "{E7E05544-5A04-40E3-9E86-88E94D4A5C49}"
EndProject
Global
	GlobalSection(SolutionConfigurationPlatforms) = preSolution
		Debug|Any CPU = Debug|Any CPU
		Release|Any CPU = Release|Any CPU
	EndGlobalSection
	GlobalSection(ProjectConfigurationPlatforms) = postSolution
		{E7E05544-5A04-40E3-9E86-88E94D4A5C49}.Debug|Any CPU.ActiveCfg = Debug|Any CPU
		{E7E05544-5A04-40E3-9E86-88E94D4A5C49}.Debug|Any CPU.Build.0 = Debug|Any CPU
		{E7E05544-5A04-40E3-9E86-88E94D4A5C49}.Release|Any CPU.ActiveCfg = Release|Any CPU
		{E7E05544-5A04-40E3-9E86-88E94D4A5C49}.Release|Any CPU.Build.0 = Release|Any CPU
	EndGlobalSection
	GlobalSection(SolutionProperties) = preSolution
		HideSolutionNode = FALSE
	EndGlobalSection
	GlobalSection(ExtensibilityGlobals) = postSolution
		SolutionGuid = {487388F0-ADF9-4228-9D17-5BDE5E91F60D}
	EndGlobalSection
EndGlobal
