
Microsoft Visual Studio Solution File, Format Version 12.00
# Visual Studio Version 16
VisualStudioVersion = 25.0.1706.4
MinimumVisualStudioVersion = 10.0.40219.1
Project("{FAE04EC0-301F-11D3-BF4B-00C04F79EFBC}") = "Mini", "Mini\Mini.csproj", "{FE54A36A-762C-4C34-A01F-4A74ADFAFFBF}"
EndProject
Global
	GlobalSection(SolutionConfigurationPlatforms) = preSolution
		Debug|Any CPU = Debug|Any CPU
		Release|Any CPU = Release|Any CPU
	EndGlobalSection
	GlobalSection(ProjectConfigurationPlatforms) = postSolution
		{FE54A36A-762C-4C34-A01F-4A74ADFAFFBF}.Debug|Any CPU.ActiveCfg = Debug|Any CPU
		{FE54A36A-762C-4C34-A01F-4A74ADFAFFBF}.Debug|Any CPU.Build.0 = Debug|Any CPU
		{FE54A36A-762C-4C34-A01F-4A74ADFAFFBF}.Release|Any CPU.ActiveCfg = Release|Any CPU
		{FE54A36A-762C-4C34-A01F-4A74ADFAFFBF}.Release|Any CPU.Build.0 = Release|Any CPU
	EndGlobalSection
	GlobalSection(SolutionProperties) = preSolution
		HideSolutionNode = FALSE
	EndGlobalSection
	GlobalSection(ExtensibilityGlobals) = postSolution
		SolutionGuid = {45804448-2A30-4B9D-B03C-1B08DDBA9940}
	EndGlobalSection
EndGlobal
